{
  "name": "co-pilot-security-clients-command-center",
  "version": "3.0.58",
  "lockfileVersion": 3,
  "requires": true,
  "packages": {
    "": {
      "name": "co-pilot-security-clients-command-center",
      "version": "3.0.58",
      "devDependencies": {},
      "engines": {
        "node": ">=18"
      }
    }
  }
}
