{
  "name": "co-pilot-security-client-report-publish-sync-timestamp-fix",
  "version": "3.0.71",
  "lockfileVersion": 3,
  "requires": true,
  "packages": {
    "": {
      "name": "co-pilot-security-client-report-publish-sync-timestamp-fix",
      "version": "3.0.71",
      "devDependencies": {},
      "engines": {
        "node": ">=18"
      }
    }
  }
}
