{
  "name": "co-pilot-security-exact-dashboard-grid-rebuild",
  "version": "3.0.0",
  "lockfileVersion": 3,
  "requires": true,
  "packages": {
    "": {
      "name": "co-pilot-security-exact-dashboard-grid-rebuild",
      "version": "3.0.0",
      "devDependencies": {},
      "engines": {
        "node": ">=18"
      }
    }
  }
}
